{
  "name": "technician_miniapp1",
  "version": "1.0.0",
  "lockfileVersion": 1,
  "requires": true,
  "dependencies": {
    "CSSselect": {
      "version": "0.7.0",
      "resolved": "https://registry.npmjs.org/CSSselect/-/CSSselect-0.7.0.tgz",
      "integrity": "sha1-5AVMZ7RnRl88lQDA2gqnh4xLq9I=",
      "requires": {
        "CSSwhat": "0.4",
        "boolbase": "~1.0.0",
        "domutils": "1.4",
        "nth-check": "~1.0.0"
      }
    },
    "CSSwhat": {
      "version": "0.4.7",
      "resolved": "https://registry.npmjs.org/CSSwhat/-/CSSwhat-0.4.7.tgz",
      "integrity": "sha1-hn2g/zn3eGEyQsRM/qg/CqTr35s="
    },
    "abbrev": {
      "version": "1.1.1",
      "resolved": "https://registry.npmjs.org/abbrev/-/abbrev-1.1.1.tgz",
      "integrity": "sha512-nne9/IiQ/hzIhY6pdDnbBtz7DjPTKrY00P/zvPSm5pOFkl6xuGrGnXn/VtTNNfNtAfZ9/1RtehkszU9qcTii0Q=="
    },
    "boolbase": {
      "version": "1.0.0",
      "resolved": "https://registry.npmjs.org/boolbase/-/boolbase-1.0.0.tgz",
      "integrity": "sha1-aN/1++YMUes3cl6p4+0xDcwed24="
    },
    "cheerio": {
      "version": "0.10.3",
      "resolved": "http://registry.npmjs.org/cheerio/-/cheerio-0.10.3.tgz",
      "integrity": "sha1-UBA9QuMO9KG/VSAB1oTs7nCCe2c=",
      "requires": {
        "cheerio-select": "*",
        "entities": "0.x",
        "htmlparser2": "2.x",
        "underscore": "*"
      }
    },
    "cheerio-select": {
      "version": "0.0.3",
      "resolved": "https://registry.npmjs.org/cheerio-select/-/cheerio-select-0.0.3.tgz",
      "integrity": "sha1-PyQgEU88ywsbB1wkXM+q5dYXo4g=",
      "requires": {
        "CSSselect": "0.x"
      }
    },
    "commander": {
      "version": "1.1.1",
      "resolved": "http://registry.npmjs.org/commander/-/commander-1.1.1.tgz",
      "integrity": "sha1-UNFlGGiuYOzP8KLZ80WVN2vGsEE=",
      "requires": {
        "keypress": "0.1.x"
      }
    },
    "domelementtype": {
      "version": "1.3.1",
      "resolved": "https://registry.npmjs.org/domelementtype/-/domelementtype-1.3.1.tgz",
      "integrity": "sha512-BSKB+TSpMpFI/HOxCNr1O8aMOTZ8hT3pM3GQ0w/mWRmkhEDSFJkkyzz4XQsBV44BChwGkrDfMyjVD0eA2aFV3w=="
    },
    "domhandler": {
      "version": "2.0.3",
      "resolved": "https://registry.npmjs.org/domhandler/-/domhandler-2.0.3.tgz",
      "integrity": "sha1-iJ+N9iZAOvB4jinWbV1cb36/D9Y=",
      "requires": {
        "domelementtype": "1"
      }
    },
    "domutils": {
      "version": "1.4.3",
      "resolved": "https://registry.npmjs.org/domutils/-/domutils-1.4.3.tgz",
      "integrity": "sha1-CGVRN5bGswYDGFDhdVFrr4C3Km8=",
      "requires": {
        "domelementtype": "1"
      }
    },
    "entities": {
      "version": "0.5.0",
      "resolved": "http://registry.npmjs.org/entities/-/entities-0.5.0.tgz",
      "integrity": "sha1-9hHLWuIhBQ4AEsZpeVA/164ZzEk="
    },
    "htmlparser2": {
      "version": "2.6.0",
      "resolved": "http://registry.npmjs.org/htmlparser2/-/htmlparser2-2.6.0.tgz",
      "integrity": "sha1-soVk6p0bpWoQSs5qew/dovMVg28=",
      "requires": {
        "domelementtype": "1",
        "domhandler": "2.0",
        "domutils": "1.0"
      },
      "dependencies": {
        "domutils": {
          "version": "1.0.1",
          "resolved": "https://registry.npmjs.org/domutils/-/domutils-1.0.1.tgz",
          "integrity": "sha1-WLWNd0d0kRVWwWuLAtmcYJ2YeGk=",
          "requires": {
            "domelementtype": "1"
          }
        }
      }
    },
    "keypress": {
      "version": "0.1.0",
      "resolved": "https://registry.npmjs.org/keypress/-/keypress-0.1.0.tgz",
      "integrity": "sha1-SjGI1CkbZrT2XtuZ+AaqmuKTWSo="
    },
    "nopt": {
      "version": "2.1.2",
      "resolved": "https://registry.npmjs.org/nopt/-/nopt-2.1.2.tgz",
      "integrity": "sha1-bMzZd7gBMqB3MdbozljCyDA8+a8=",
      "requires": {
        "abbrev": "1"
      }
    },
    "nth-check": {
      "version": "1.0.2",
      "resolved": "https://registry.npmjs.org/nth-check/-/nth-check-1.0.2.tgz",
      "integrity": "sha512-WeBOdju8SnzPN5vTUJYxYUxLeXpCaVP5i5e0LF8fg7WORF2Wd7wFX/pk0tYZk7s8T+J7VLy0Da6J1+wCT0AtHg==",
      "requires": {
        "boolbase": "~1.0.0"
      }
    },
    "production": {
      "version": "0.0.2",
      "resolved": "https://registry.npmjs.org/production/-/production-0.0.2.tgz",
      "integrity": "sha1-IBKndBbJRMCSFsQKWWxXEa6Qz+g=",
      "requires": {
        "cheerio": "0.10.3",
        "commander": "1.1.1",
        "request": "2.12.0",
        "yuglify": "*"
      }
    },
    "request": {
      "version": "2.12.0",
      "resolved": "http://registry.npmjs.org/request/-/request-2.12.0.tgz",
      "integrity": "sha1-EfRvILPQ9ISMY4OZHIB5CvFsjkg=",
      "requires": {
        "form-data": "~0.0.3",
        "mime": "~1.2.7"
      },
      "dependencies": {
        "form-data": {
          "version": "0.0.3",
          "bundled": true,
          "requires": {
            "async": "~0.1.9",
            "combined-stream": "0.0.3",
            "mime": "~1.2.2"
          },
          "dependencies": {
            "async": {
              "version": "0.1.9",
              "bundled": true
            },
            "combined-stream": {
              "version": "0.0.3",
              "bundled": true,
              "requires": {
                "delayed-stream": "0.0.5"
              },
              "dependencies": {
                "delayed-stream": {
                  "version": "0.0.5",
                  "bundled": true
                }
              }
            }
          }
        },
        "mime": {
          "version": "1.2.7",
          "bundled": true
        }
      }
    },
    "source-map": {
      "version": "0.6.1",
      "resolved": "https://registry.npmjs.org/source-map/-/source-map-0.6.1.tgz",
      "integrity": "sha512-UjgapumWlbMhkBgzT7Ykc5YXUT46F0iKu8SGXq0bcwP5dz/h0Plj6enJqjz1Zbq2l5WaqYnrVbwWOWMyF3F47g=="
    },
    "uglify-js": {
      "version": "3.4.9",
      "resolved": "https://registry.npmjs.org/uglify-js/-/uglify-js-3.4.9.tgz",
      "integrity": "sha512-8CJsbKOtEbnJsTyv6LE6m6ZKniqMiFWmm9sRbopbkGs3gMPPfd3Fh8iIA4Ykv5MgaTbqHr4BaoGLJLZNhsrW1Q==",
      "requires": {
        "commander": "~2.17.1",
        "source-map": "~0.6.1"
      },
      "dependencies": {
        "commander": {
          "version": "2.17.1",
          "resolved": "https://registry.npmjs.org/commander/-/commander-2.17.1.tgz",
          "integrity": "sha512-wPMUt6FnH2yzG95SA6mzjQOEKUU3aLaDEmzs1ti+1E9h+CsrZghRlqEM/EJ4KscsQVG8uNN4uVreUeT8+drlgg=="
        }
      }
    },
    "underscore": {
      "version": "1.9.1",
      "resolved": "https://registry.npmjs.org/underscore/-/underscore-1.9.1.tgz",
      "integrity": "sha512-5/4etnCkd9c8gwgowi5/om/mYO5ajCaOgdzj/oW+0eQV9WxKBDZw5+ycmKmeaTXjInS/W0BzpGLo2xR2aBwZdg=="
    },
    "vant-weapp": {
      "version": "0.5.0-beta",
      "resolved": "https://registry.npmjs.org/vant-weapp/-/vant-weapp-0.5.0-beta.tgz",
      "integrity": "sha512-b3KkyG4h4F9nuHnhC+InpR0jiXO6JL5Gz/c0I71zyKy9MW5T2SNIUPjgKKZT1dMwo6MZcvQo8ekiR93VHCZK4A=="
    },
    "ycssmin": {
      "version": "1.0.1",
      "resolved": "https://registry.npmjs.org/ycssmin/-/ycssmin-1.0.1.tgz",
      "integrity": "sha1-fN3o23jPqwDSkBw7IwHjBPr03xY="
    },
    "yuglify": {
      "version": "2.0.0",
      "resolved": "https://registry.npmjs.org/yuglify/-/yuglify-2.0.0.tgz",
      "integrity": "sha1-nU5a3c4g9B7fIkhuIxG2HWo/jSE=",
      "requires": {
        "nopt": "~2.1.1",
        "uglify-js": "^3.1.4",
        "ycssmin": "~1.0.1"
      }
    }
  }
}
